
Microsoft Visual Studio Solution File, Format Version 12.00
# Visual Studio 2013
VisualStudioVersion = 12.0.40629.0
MinimumVisualStudioVersion = 10.0.40219.1
Project("{FAE04EC0-301F-11D3-BF4B-00C04F79EFBC}") = "RobotFindExit", "RobotFindExit\RobotFindExit.csproj", "{EEBC3C22-03E3-43A0-8B6E-EA0B2102961E}"
EndProject
Global
	GlobalSection(SolutionConfigurationPlatforms) = preSolution
		Debug|Any CPU = Debug|Any CPU
		Release|Any CPU = Release|Any CPU
	EndGlobalSection
	GlobalSection(ProjectConfigurationPlatforms) = postSolution
		{EEBC3C22-03E3-43A0-8B6E-EA0B2102961E}.Debug|Any CPU.ActiveCfg = Debug|Any CPU
		{EEBC3C22-03E3-43A0-8B6E-EA0B2102961E}.Debug|Any CPU.Build.0 = Debug|Any CPU
		{EEBC3C22-03E3-43A0-8B6E-EA0B2102961E}.Release|Any CPU.ActiveCfg = Release|Any CPU
		{EEBC3C22-03E3-43A0-8B6E-EA0B2102961E}.Release|Any CPU.Build.0 = Release|Any CPU
	EndGlobalSection
	GlobalSection(SolutionProperties) = preSolution
		HideSolutionNode = FALSE
	EndGlobalSection
EndGlobal
